PODS:
  - HockeySDK (3.7.3):
    - HockeySDK/AllFeaturesLib (= 3.7.3)
  - HockeySDK/AllFeaturesLib (3.7.3)
  - Kiwi (2.3.1)
  - S2MToolbox (0.2.3):
    - S2MToolbox/Foundation (= 0.2.3)
    - S2MToolbox/UIKit (= 0.2.3)
  - S2MToolbox/DelegateDispatch (0.2.3)
  - S2MToolbox/Foundation (0.2.3)
  - S2MToolbox/HockeyApp (0.2.3):
    - HockeySDK (>= 3.6.4)
  - S2MToolbox/Kiwi (0.2.3):
    - Kiwi (~> 2.3.0)
  - S2MToolbox/LocalNotificationHelper (0.2.3)
  - S2MToolbox/QRCode (0.2.3)
  - S2MToolbox/ShopFinder (0.2.3)
  - S2MToolbox/UIKit (0.2.3)

DEPENDENCIES:
  - S2MToolbox (from `../`)
  - S2MToolbox/DelegateDispatch (from `../`)
  - S2MToolbox/HockeyApp (from `../`)
  - S2MToolbox/Kiwi (from `../`)
  - S2MToolbox/LocalNotificationHelper (from `../`)
  - S2MToolbox/QRCode (from `../`)
  - S2MToolbox/ShopFinder (from `../`)

EXTERNAL SOURCES:
  S2MToolbox:
    :path: ../

SPEC CHECKSUMS:
  HockeySDK: a0b915dc081f1ba67782a347220a8623dbe93b8a
  Kiwi: f038a6c61f7a9e4d7766bff5717aa3b3fdb75f55
  S2MToolbox: 6e8f8d43781403c7d83b306304bca28db0c47098

COCOAPODS: 0.38.2
