// !$*UTF8*$!
{
	archiveVersion = 1;
	classes = {
	};
	objectVersion = 46;
	objects = {

/* Begin PBXBuildFile section */
		0169E2971A39DEED0036D375 /* NSString_S2MMD5Spec.m in Sources */ = {isa = PBXBuildFile; fileRef = 0169E2961A39DEED0036D375 /* NSString_S2MMD5Spec.m */; };
		0169E2991A39E2260036D375 /* NSString_S2MRegExValidationSpec.m in Sources */ = {isa = PBXBuildFile; fileRef = 0169E2981A39E2260036D375 /* NSString_S2MRegExValidationSpec.m */; };
		01C12E9119FE5C65004B7999 /* Foundation.framework in Frameworks */ = {isa = PBXBuildFile; fileRef = 01C12E9019FE5C65004B7999 /* Foundation.framework */; };
		01C12E9319FE5C65004B7999 /* CoreGraphics.framework in Frameworks */ = {isa = PBXBuildFile; fileRef = 01C12E9219FE5C65004B7999 /* CoreGraphics.framework */; };
		01C12E9519FE5C65004B7999 /* UIKit.framework in Frameworks */ = {isa = PBXBuildFile; fileRef = 01C12E9419FE5C65004B7999 /* UIKit.framework */; };
		01C12E9B19FE5C65004B7999 /* InfoPlist.strings in Resources */ = {isa = PBXBuildFile; fileRef = 01C12E9919FE5C65004B7999 /* InfoPlist.strings */; };
		01C12E9D19FE5C65004B7999 /* main.m in Sources */ = {isa = PBXBuildFile; fileRef = 01C12E9C19FE5C65004B7999 /* main.m */; };
		01C12EA119FE5C65004B7999 /* S2MAppDelegate.m in Sources */ = {isa = PBXBuildFile; fileRef = 01C12EA019FE5C65004B7999 /* S2MAppDelegate.m */; };
		01C12EA719FE5C65004B7999 /* S2MViewController.m in Sources */ = {isa = PBXBuildFile; fileRef = 01C12EA619FE5C65004B7999 /* S2MViewController.m */; };
		01C12EA919FE5C65004B7999 /* Images.xcassets in Resources */ = {isa = PBXBuildFile; fileRef = 01C12EA819FE5C65004B7999 /* Images.xcassets */; };
		01C12EB019FE5C65004B7999 /* XCTest.framework in Frameworks */ = {isa = PBXBuildFile; fileRef = 01C12EAF19FE5C65004B7999 /* XCTest.framework */; };
		01C12EB119FE5C65004B7999 /* Foundation.framework in Frameworks */ = {isa = PBXBuildFile; fileRef = 01C12E9019FE5C65004B7999 /* Foundation.framework */; };
		01C12EB219FE5C65004B7999 /* UIKit.framework in Frameworks */ = {isa = PBXBuildFile; fileRef = 01C12E9419FE5C65004B7999 /* UIKit.framework */; };
		01C12EBA19FE5C65004B7999 /* InfoPlist.strings in Resources */ = {isa = PBXBuildFile; fileRef = 01C12EB819FE5C65004B7999 /* InfoPlist.strings */; };
		01F0619E1A3A0014000EE282 /* UIView_S2MAdditionsSpec.m in Sources */ = {isa = PBXBuildFile; fileRef = 01F0619D1A3A0014000EE282 /* UIView_S2MAdditionsSpec.m */; };
		22DC1549EEDE2DF0813B876D /* libPods-S2MToolbox.a in Frameworks */ = {isa = PBXBuildFile; fileRef = 214EEC8690751CED95D51973 /* libPods-S2MToolbox.a */; };
		630E44400A0BD9072C48D213 /* libPods-S2MToolboxTests.a in Frameworks */ = {isa = PBXBuildFile; fileRef = D7A35DAE158208DEB0010B28 /* libPods-S2MToolboxTests.a */; };
/* End PBXBuildFile section */

/* Begin PBXContainerItemProxy section */
		01C12EB319FE5C65004B7999 /* PBXContainerItemProxy */ = {
			isa = PBXContainerItemProxy;
			containerPortal = 01C12E8519FE5C64004B7999 /* Project object */;
			proxyType = 1;
			remoteGlobalIDString = 01C12E8C19FE5C65004B7999;
			remoteInfo = S2MToolbox;
		};
/* End PBXContainerItemProxy section */

/* Begin PBXFileReference section */
		0169E2961A39DEED0036D375 /* NSString_S2MMD5Spec.m */ = {isa = PBXFileReference; fileEncoding = 4; lastKnownFileType = sourcecode.c.objc; path = NSString_S2MMD5Spec.m; sourceTree = "<group>"; };
		0169E2981A39E2260036D375 /* NSString_S2MRegExValidationSpec.m */ = {isa = PBXFileReference; fileEncoding = 4; lastKnownFileType = sourcecode.c.objc; path = NSString_S2MRegExValidationSpec.m; sourceTree = "<group>"; };
		01C12E8D19FE5C65004B7999 /* S2MToolbox.app */ = {isa = PBXFileReference; explicitFileType = wrapper.application; includeInIndex = 0; path = S2MToolbox.app; sourceTree = BUILT_PRODUCTS_DIR; };
		01C12E9019FE5C65004B7999 /* Foundation.framework */ = {isa = PBXFileReference; lastKnownFileType = wrapper.framework; name = Foundation.framework; path = System/Library/Frameworks/Foundation.framework; sourceTree = SDKROOT; };
		01C12E9219FE5C65004B7999 /* CoreGraphics.framework */ = {isa = PBXFileReference; lastKnownFileType = wrapper.framework; name = CoreGraphics.framework; path = System/Library/Frameworks/CoreGraphics.framework; sourceTree = SDKROOT; };
		01C12E9419FE5C65004B7999 /* UIKit.framework */ = {isa = PBXFileReference; lastKnownFileType = wrapper.framework; name = UIKit.framework; path = System/Library/Frameworks/UIKit.framework; sourceTree = SDKROOT; };
		01C12E9819FE5C65004B7999 /* S2MToolbox-Info.plist */ = {isa = PBXFileReference; lastKnownFileType = text.plist.xml; path = "S2MToolbox-Info.plist"; sourceTree = "<group>"; };
		01C12E9A19FE5C65004B7999 /* en */ = {isa = PBXFileReference; lastKnownFileType = text.plist.strings; name = en; path = en.lproj/InfoPlist.strings; sourceTree = "<group>"; };
		01C12E9C19FE5C65004B7999 /* main.m */ = {isa = PBXFileReference; lastKnownFileType = sourcecode.c.objc; path = main.m; sourceTree = "<group>"; };
		01C12E9E19FE5C65004B7999 /* S2MToolbox-Prefix.pch */ = {isa = PBXFileReference; lastKnownFileType = sourcecode.c.h; path = "S2MToolbox-Prefix.pch"; sourceTree = "<group>"; };
		01C12E9F19FE5C65004B7999 /* S2MAppDelegate.h */ = {isa = PBXFileReference; lastKnownFileType = sourcecode.c.h; path = S2MAppDelegate.h; sourceTree = "<group>"; };
		01C12EA019FE5C65004B7999 /* S2MAppDelegate.m */ = {isa = PBXFileReference; lastKnownFileType = sourcecode.c.objc; path = S2MAppDelegate.m; sourceTree = "<group>"; };
		01C12EA519FE5C65004B7999 /* S2MViewController.h */ = {isa = PBXFileReference; lastKnownFileType = sourcecode.c.h; path = S2MViewController.h; sourceTree = "<group>"; };
		01C12EA619FE5C65004B7999 /* S2MViewController.m */ = {isa = PBXFileReference; lastKnownFileType = sourcecode.c.objc; path = S2MViewController.m; sourceTree = "<group>"; };
		01C12EA819FE5C65004B7999 /* Images.xcassets */ = {isa = PBXFileReference; lastKnownFileType = folder.assetcatalog; path = Images.xcassets; sourceTree = "<group>"; };
		01C12EAE19FE5C65004B7999 /* S2MToolboxTests.xctest */ = {isa = PBXFileReference; explicitFileType = wrapper.cfbundle; includeInIndex = 0; path = S2MToolboxTests.xctest; sourceTree = BUILT_PRODUCTS_DIR; };
		01C12EAF19FE5C65004B7999 /* XCTest.framework */ = {isa = PBXFileReference; lastKnownFileType = wrapper.framework; name = XCTest.framework; path = Library/Frameworks/XCTest.framework; sourceTree = DEVELOPER_DIR; };
		01C12EB719FE5C65004B7999 /* S2MToolboxTests-Info.plist */ = {isa = PBXFileReference; lastKnownFileType = text.plist.xml; path = "S2MToolboxTests-Info.plist"; sourceTree = "<group>"; };
		01C12EB919FE5C65004B7999 /* en */ = {isa = PBXFileReference; lastKnownFileType = text.plist.strings; name = en; path = en.lproj/InfoPlist.strings; sourceTree = "<group>"; };
		01F0619D1A3A0014000EE282 /* UIView_S2MAdditionsSpec.m */ = {isa = PBXFileReference; fileEncoding = 4; lastKnownFileType = sourcecode.c.objc; path = UIView_S2MAdditionsSpec.m; sourceTree = "<group>"; };
		214EEC8690751CED95D51973 /* libPods-S2MToolbox.a */ = {isa = PBXFileReference; explicitFileType = archive.ar; includeInIndex = 0; path = "libPods-S2MToolbox.a"; sourceTree = BUILT_PRODUCTS_DIR; };
		420AF7947B11A286698A0A7C /* Pods-S2MToolboxTests.debug.xcconfig */ = {isa = PBXFileReference; includeInIndex = 1; lastKnownFileType = text.xcconfig; name = "Pods-S2MToolboxTests.debug.xcconfig"; path = "Pods/Target Support Files/Pods-S2MToolboxTests/Pods-S2MToolboxTests.debug.xcconfig"; sourceTree = "<group>"; };
		B2FBA20F086BD9320FFB1F78 /* Pods-S2MToolboxTests.release.xcconfig */ = {isa = PBXFileReference; includeInIndex = 1; lastKnownFileType = text.xcconfig; name = "Pods-S2MToolboxTests.release.xcconfig"; path = "Pods/Target Support Files/Pods-S2MToolboxTests/Pods-S2MToolboxTests.release.xcconfig"; sourceTree = "<group>"; };
		B3A25DCBE12AC3283FC05B74 /* Pods-S2MToolbox.release.xcconfig */ = {isa = PBXFileReference; includeInIndex = 1; lastKnownFileType = text.xcconfig; name = "Pods-S2MToolbox.release.xcconfig"; path = "Pods/Target Support Files/Pods-S2MToolbox/Pods-S2MToolbox.release.xcconfig"; sourceTree = "<group>"; };
		BE33BA9C04E7C88AFCB3C73A /* Pods-S2MToolbox.debug.xcconfig */ = {isa = PBXFileReference; includeInIndex = 1; lastKnownFileType = text.xcconfig; name = "Pods-S2MToolbox.debug.xcconfig"; path = "Pods/Target Support Files/Pods-S2MToolbox/Pods-S2MToolbox.debug.xcconfig"; sourceTree = "<group>"; };
		D7A35DAE158208DEB0010B28 /* libPods-S2MToolboxTests.a */ = {isa = PBXFileReference; explicitFileType = archive.ar; includeInIndex = 0; path = "libPods-S2MToolboxTests.a"; sourceTree = BUILT_PRODUCTS_DIR; };
/* End PBXFileReference section */

/* Begin PBXFrameworksBuildPhase section */
		01C12E8A19FE5C65004B7999 /* Frameworks */ = {
			isa = PBXFrameworksBuildPhase;
			buildActionMask = 2147483647;
			files = (
				01C12E9319FE5C65004B7999 /* CoreGraphics.framework in Frameworks */,
				01C12E9519FE5C65004B7999 /* UIKit.framework in Frameworks */,
				01C12E9119FE5C65004B7999 /* Foundation.framework in Frameworks */,
				22DC1549EEDE2DF0813B876D /* libPods-S2MToolbox.a in Frameworks */,
			);
			runOnlyForDeploymentPostprocessing = 0;
		};
		01C12EAB19FE5C65004B7999 /* Frameworks */ = {
			isa = PBXFrameworksBuildPhase;
			buildActionMask = 2147483647;
			files = (
				01C12EB019FE5C65004B7999 /* XCTest.framework in Frameworks */,
				01C12EB219FE5C65004B7999 /* UIKit.framework in Frameworks */,
				01C12EB119FE5C65004B7999 /* Foundation.framework in Frameworks */,
				630E44400A0BD9072C48D213 /* libPods-S2MToolboxTests.a in Frameworks */,
			);
			runOnlyForDeploymentPostprocessing = 0;
		};
/* End PBXFrameworksBuildPhase section */

/* Begin PBXGroup section */
		0169E2951A39DE930036D375 /* Core */ = {
			isa = PBXGroup;
			children = (
				0169E2961A39DEED0036D375 /* NSString_S2MMD5Spec.m */,
				0169E2981A39E2260036D375 /* NSString_S2MRegExValidationSpec.m */,
				01F0619D1A3A0014000EE282 /* UIView_S2MAdditionsSpec.m */,
			);
			name = Core;
			sourceTree = "<group>";
		};
		01C12E8419FE5C64004B7999 = {
			isa = PBXGroup;
			children = (
				01C12E9619FE5C65004B7999 /* S2MToolbox */,
				01C12EB519FE5C65004B7999 /* S2MToolboxTests */,
				01C12E8F19FE5C65004B7999 /* Frameworks */,
				01C12E8E19FE5C65004B7999 /* Products */,
				20237AA9C1E1C7130A061C3C /* Pods */,
			);
			sourceTree = "<group>";
		};
		01C12E8E19FE5C65004B7999 /* Products */ = {
			isa = PBXGroup;
			children = (
				01C12E8D19FE5C65004B7999 /* S2MToolbox.app */,
				01C12EAE19FE5C65004B7999 /* S2MToolboxTests.xctest */,
			);
			name = Products;
			sourceTree = "<group>";
		};
		01C12E8F19FE5C65004B7999 /* Frameworks */ = {
			isa = PBXGroup;
			children = (
				01C12E9019FE5C65004B7999 /* Foundation.framework */,
				01C12E9219FE5C65004B7999 /* CoreGraphics.framework */,
				01C12E9419FE5C65004B7999 /* UIKit.framework */,
				01C12EAF19FE5C65004B7999 /* XCTest.framework */,
				214EEC8690751CED95D51973 /* libPods-S2MToolbox.a */,
				D7A35DAE158208DEB0010B28 /* libPods-S2MToolboxTests.a */,
			);
			name = Frameworks;
			sourceTree = "<group>";
		};
		01C12E9619FE5C65004B7999 /* S2MToolbox */ = {
			isa = PBXGroup;
			children = (
				01C12E9F19FE5C65004B7999 /* S2MAppDelegate.h */,
				01C12EA019FE5C65004B7999 /* S2MAppDelegate.m */,
				01C12EA519FE5C65004B7999 /* S2MViewController.h */,
				01C12EA619FE5C65004B7999 /* S2MViewController.m */,
				01C12EA819FE5C65004B7999 /* Images.xcassets */,
				01C12E9719FE5C65004B7999 /* Supporting Files */,
			);
			path = S2MToolbox;
			sourceTree = "<group>";
		};
		01C12E9719FE5C65004B7999 /* Supporting Files */ = {
			isa = PBXGroup;
			children = (
				01C12E9819FE5C65004B7999 /* S2MToolbox-Info.plist */,
				01C12E9919FE5C65004B7999 /* InfoPlist.strings */,
				01C12E9C19FE5C65004B7999 /* main.m */,
				01C12E9E19FE5C65004B7999 /* S2MToolbox-Prefix.pch */,
			);
			name = "Supporting Files";
			sourceTree = "<group>";
		};
		01C12EB519FE5C65004B7999 /* S2MToolboxTests */ = {
			isa = PBXGroup;
			children = (
				0169E2951A39DE930036D375 /* Core */,
				01C12EB619FE5C65004B7999 /* Supporting Files */,
			);
			path = S2MToolboxTests;
			sourceTree = "<group>";
		};
		01C12EB619FE5C65004B7999 /* Supporting Files */ = {
			isa = PBXGroup;
			children = (
				01C12EB719FE5C65004B7999 /* S2MToolboxTests-Info.plist */,
				01C12EB819FE5C65004B7999 /* InfoPlist.strings */,
			);
			name = "Supporting Files";
			sourceTree = "<group>";
		};
		20237AA9C1E1C7130A061C3C /* Pods */ = {
			isa = PBXGroup;
			children = (
				BE33BA9C04E7C88AFCB3C73A /* Pods-S2MToolbox.debug.xcconfig */,
				B3A25DCBE12AC3283FC05B74 /* Pods-S2MToolbox.release.xcconfig */,
				420AF7947B11A286698A0A7C /* Pods-S2MToolboxTests.debug.xcconfig */,
				B2FBA20F086BD9320FFB1F78 /* Pods-S2MToolboxTests.release.xcconfig */,
			);
			name = Pods;
			sourceTree = "<group>";
		};
/* End PBXGroup section */

/* Begin PBXNativeTarget section */
		01C12E8C19FE5C65004B7999 /* S2MToolbox */ = {
			isa = PBXNativeTarget;
			buildConfigurationList = 01C12EBF19FE5C65004B7999 /* Build configuration list for PBXNativeTarget "S2MToolbox" */;
			buildPhases = (
				3816FAE3C8B8F82160E357E0 /* Check Pods Manifest.lock */,
				01C12E8919FE5C65004B7999 /* Sources */,
				01C12E8A19FE5C65004B7999 /* Frameworks */,
				01C12E8B19FE5C65004B7999 /* Resources */,
				030BA650B39869D863F41152 /* Copy Pods Resources */,
			);
			buildRules = (
			);
			dependencies = (
			);
			name = S2MToolbox;
			productName = S2MToolbox;
			productReference = 01C12E8D19FE5C65004B7999 /* S2MToolbox.app */;
			productType = "com.apple.product-type.application";
		};
		01C12EAD19FE5C65004B7999 /* S2MToolboxTests */ = {
			isa = PBXNativeTarget;
			buildConfigurationList = 01C12EC219FE5C65004B7999 /* Build configuration list for PBXNativeTarget "S2MToolboxTests" */;
			buildPhases = (
				2765BF3A44443DB5E7E340F3 /* Check Pods Manifest.lock */,
				01C12EAA19FE5C65004B7999 /* Sources */,
				01C12EAB19FE5C65004B7999 /* Frameworks */,
				01C12EAC19FE5C65004B7999 /* Resources */,
				91EC98B580B7F1666F538E29 /* Copy Pods Resources */,
			);
			buildRules = (
			);
			dependencies = (
				01C12EB419FE5C65004B7999 /* PBXTargetDependency */,
			);
			name = S2MToolboxTests;
			productName = S2MToolboxTests;
			productReference = 01C12EAE19FE5C65004B7999 /* S2MToolboxTests.xctest */;
			productType = "com.apple.product-type.bundle.unit-test";
		};
/* End PBXNativeTarget section */

/* Begin PBXProject section */
		01C12E8519FE5C64004B7999 /* Project object */ = {
			isa = PBXProject;
			attributes = {
				CLASSPREFIX = S2M;
				LastUpgradeCheck = 0510;
				ORGANIZATIONNAME = "Sinnerschrader Mobile";
				TargetAttributes = {
					01C12EAD19FE5C65004B7999 = {
						TestTargetID = 01C12E8C19FE5C65004B7999;
					};
				};
			};
			buildConfigurationList = 01C12E8819FE5C64004B7999 /* Build configuration list for PBXProject "S2MToolbox" */;
			compatibilityVersion = "Xcode 3.2";
			developmentRegion = English;
			hasScannedForEncodings = 0;
			knownRegions = (
				en,
				Base,
			);
			mainGroup = 01C12E8419FE5C64004B7999;
			productRefGroup = 01C12E8E19FE5C65004B7999 /* Products */;
			projectDirPath = "";
			projectRoot = "";
			targets = (
				01C12E8C19FE5C65004B7999 /* S2MToolbox */,
				01C12EAD19FE5C65004B7999 /* S2MToolboxTests */,
			);
		};
/* End PBXProject section */

/* Begin PBXResourcesBuildPhase section */
		01C12E8B19FE5C65004B7999 /* Resources */ = {
			isa = PBXResourcesBuildPhase;
			buildActionMask = 2147483647;
			files = (
				01C12EA919FE5C65004B7999 /* Images.xcassets in Resources */,
				01C12E9B19FE5C65004B7999 /* InfoPlist.strings in Resources */,
			);
			runOnlyForDeploymentPostprocessing = 0;
		};
		01C12EAC19FE5C65004B7999 /* Resources */ = {
			isa = PBXResourcesBuildPhase;
			buildActionMask = 2147483647;
			files = (
				01C12EBA19FE5C65004B7999 /* InfoPlist.strings in Resources */,
			);
			runOnlyForDeploymentPostprocessing = 0;
		};
/* End PBXResourcesBuildPhase section */

/* Begin PBXShellScriptBuildPhase section */
		030BA650B39869D863F41152 /* Copy Pods Resources */ = {
			isa = PBXShellScriptBuildPhase;
			buildActionMask = 2147483647;
			files = (
			);
			inputPaths = (
			);
			name = "Copy Pods Resources";
			outputPaths = (
			);
			runOnlyForDeploymentPostprocessing = 0;
			shellPath = /bin/sh;
			shellScript = "\"${SRCROOT}/Pods/Target Support Files/Pods-S2MToolbox/Pods-S2MToolbox-resources.sh\"\n";
			showEnvVarsInLog = 0;
		};
		2765BF3A44443DB5E7E340F3 /* Check Pods Manifest.lock */ = {
			isa = PBXShellScriptBuildPhase;
			buildActionMask = 2147483647;
			files = (
			);
			inputPaths = (
			);
			name = "Check Pods Manifest.lock";
			outputPaths = (
			);
			runOnlyForDeploymentPostprocessing = 0;
			shellPath = /bin/sh;
			shellScript = "diff \"${PODS_ROOT}/../Podfile.lock\" \"${PODS_ROOT}/Manifest.lock\" > /dev/null\nif [[ $? != 0 ]] ; then\n    cat << EOM\nerror: The sandbox is not in sync with the Podfile.lock. Run 'pod install' or update your CocoaPods installation.\nEOM\n    exit 1\nfi\n";
			showEnvVarsInLog = 0;
		};
		3816FAE3C8B8F82160E357E0 /* Check Pods Manifest.lock */ = {
			isa = PBXShellScriptBuildPhase;
			buildActionMask = 2147483647;
			files = (
			);
			inputPaths = (
			);
			name = "Check Pods Manifest.lock";
			outputPaths = (
			);
			runOnlyForDeploymentPostprocessing = 0;
			shellPath = /bin/sh;
			shellScript = "diff \"${PODS_ROOT}/../Podfile.lock\" \"${PODS_ROOT}/Manifest.lock\" > /dev/null\nif [[ $? != 0 ]] ; then\n    cat << EOM\nerror: The sandbox is not in sync with the Podfile.lock. Run 'pod install' or update your CocoaPods installation.\nEOM\n    exit 1\nfi\n";
			showEnvVarsInLog = 0;
		};
		91EC98B580B7F1666F538E29 /* Copy Pods Resources */ = {
			isa = PBXShellScriptBuildPhase;
			buildActionMask = 2147483647;
			files = (
			);
			inputPaths = (
			);
			name = "Copy Pods Resources";
			outputPaths = (
			);
			runOnlyForDeploymentPostprocessing = 0;
			shellPath = /bin/sh;
			shellScript = "\"${SRCROOT}/Pods/Target Support Files/Pods-S2MToolboxTests/Pods-S2MToolboxTests-resources.sh\"\n";
			showEnvVarsInLog = 0;
		};
/* End PBXShellScriptBuildPhase section */

/* Begin PBXSourcesBuildPhase section */
		01C12E8919FE5C65004B7999 /* Sources */ = {
			isa = PBXSourcesBuildPhase;
			buildActionMask = 2147483647;
			files = (
				01C12E9D19FE5C65004B7999 /* main.m in Sources */,
				01C12EA119FE5C65004B7999 /* S2MAppDelegate.m in Sources */,
				01C12EA719FE5C65004B7999 /* S2MViewController.m in Sources */,
			);
			runOnlyForDeploymentPostprocessing = 0;
		};
		01C12EAA19FE5C65004B7999 /* Sources */ = {
			isa = PBXSourcesBuildPhase;
			buildActionMask = 2147483647;
			files = (
				0169E2971A39DEED0036D375 /* NSString_S2MMD5Spec.m in Sources */,
				0169E2991A39E2260036D375 /* NSString_S2MRegExValidationSpec.m in Sources */,
				01F0619E1A3A0014000EE282 /* UIView_S2MAdditionsSpec.m in Sources */,
			);
			runOnlyForDeploymentPostprocessing = 0;
		};
/* End PBXSourcesBuildPhase section */

/* Begin PBXTargetDependency section */
		01C12EB419FE5C65004B7999 /* PBXTargetDependency */ = {
			isa = PBXTargetDependency;
			target = 01C12E8C19FE5C65004B7999 /* S2MToolbox */;
			targetProxy = 01C12EB319FE5C65004B7999 /* PBXContainerItemProxy */;
		};
/* End PBXTargetDependency section */

/* Begin PBXVariantGroup section */
		01C12E9919FE5C65004B7999 /* InfoPlist.strings */ = {
			isa = PBXVariantGroup;
			children = (
				01C12E9A19FE5C65004B7999 /* en */,
			);
			name = InfoPlist.strings;
			sourceTree = "<group>";
		};
		01C12EB819FE5C65004B7999 /* InfoPlist.strings */ = {
			isa = PBXVariantGroup;
			children = (
				01C12EB919FE5C65004B7999 /* en */,
			);
			name = InfoPlist.strings;
			sourceTree = "<group>";
		};
/* End PBXVariantGroup section */

/* Begin XCBuildConfiguration section */
		01C12EBD19FE5C65004B7999 /* Debug */ = {
			isa = XCBuildConfiguration;
			buildSettings = {
				ALWAYS_SEARCH_USER_PATHS = NO;
				CLANG_CXX_LANGUAGE_STANDARD = "gnu++0x";
				CLANG_CXX_LIBRARY = "libc++";
				CLANG_ENABLE_MODULES = YES;
				CLANG_ENABLE_OBJC_ARC = YES;
				CLANG_WARN_BOOL_CONVERSION = YES;
				CLANG_WARN_CONSTANT_CONVERSION = YES;
				CLANG_WARN_DIRECT_OBJC_ISA_USAGE = YES_ERROR;
				CLANG_WARN_EMPTY_BODY = YES;
				CLANG_WARN_ENUM_CONVERSION = YES;
				CLANG_WARN_INT_CONVERSION = YES;
				CLANG_WARN_OBJC_ROOT_CLASS = YES_ERROR;
				CLANG_WARN__DUPLICATE_METHOD_MATCH = YES;
				"CODE_SIGN_IDENTITY[sdk=iphoneos*]" = "iPhone Developer";
				COPY_PHASE_STRIP = NO;
				GCC_C_LANGUAGE_STANDARD = gnu99;
				GCC_DYNAMIC_NO_PIC = NO;
				GCC_OPTIMIZATION_LEVEL = 0;
				GCC_PREPROCESSOR_DEFINITIONS = (
					"DEBUG=1",
					"$(inherited)",
				);
				GCC_SYMBOLS_PRIVATE_EXTERN = NO;
				GCC_WARN_64_TO_32_BIT_CONVERSION = YES;
				GCC_WARN_ABOUT_RETURN_TYPE = YES_ERROR;
				GCC_WARN_UNDECLARED_SELECTOR = YES;
				GCC_WARN_UNINITIALIZED_AUTOS = YES_AGGRESSIVE;
				GCC_WARN_UNUSED_FUNCTION = YES;
				GCC_WARN_UNUSED_VARIABLE = YES;
				IPHONEOS_DEPLOYMENT_TARGET = 7.1;
				ONLY_ACTIVE_ARCH = YES;
				SDKROOT = iphoneos;
			};
			name = Debug;
		};
		01C12EBE19FE5C65004B7999 /* Release */ = {
			isa = XCBuildConfiguration;
			buildSettings = {
				ALWAYS_SEARCH_USER_PATHS = NO;
				CLANG_CXX_LANGUAGE_STANDARD = "gnu++0x";
				CLANG_CXX_LIBRARY = "libc++";
				CLANG_ENABLE_MODULES = YES;
				CLANG_ENABLE_OBJC_ARC = YES;
				CLANG_WARN_BOOL_CONVERSION = YES;
				CLANG_WARN_CONSTANT_CONVERSION = YES;
				CLANG_WARN_DIRECT_OBJC_ISA_USAGE = YES_ERROR;
				CLANG_WARN_EMPTY_BODY = YES;
				CLANG_WARN_ENUM_CONVERSION = YES;
				CLANG_WARN_INT_CONVERSION = YES;
				CLANG_WARN_OBJC_ROOT_CLASS = YES_ERROR;
				CLANG_WARN__DUPLICATE_METHOD_MATCH = YES;
				"CODE_SIGN_IDENTITY[sdk=iphoneos*]" = "iPhone Developer";
				COPY_PHASE_STRIP = YES;
				ENABLE_NS_ASSERTIONS = NO;
				GCC_C_LANGUAGE_STANDARD = gnu99;
				GCC_WARN_64_TO_32_BIT_CONVERSION = YES;
				GCC_WARN_ABOUT_RETURN_TYPE = YES_ERROR;
				GCC_WARN_UNDECLARED_SELECTOR = YES;
				GCC_WARN_UNINITIALIZED_AUTOS = YES_AGGRESSIVE;
				GCC_WARN_UNUSED_FUNCTION = YES;
				GCC_WARN_UNUSED_VARIABLE = YES;
				IPHONEOS_DEPLOYMENT_TARGET = 7.1;
				SDKROOT = iphoneos;
				VALIDATE_PRODUCT = YES;
			};
			name = Release;
		};
		01C12EC019FE5C65004B7999 /* Debug */ = {
			isa = XCBuildConfiguration;
			baseConfigurationReference = BE33BA9C04E7C88AFCB3C73A /* Pods-S2MToolbox.debug.xcconfig */;
			buildSettings = {
				ASSETCATALOG_COMPILER_APPICON_NAME = AppIcon;
				ASSETCATALOG_COMPILER_LAUNCHIMAGE_NAME = LaunchImage;
				GCC_PRECOMPILE_PREFIX_HEADER = YES;
				GCC_PREFIX_HEADER = "S2MToolbox/S2MToolbox-Prefix.pch";
				INFOPLIST_FILE = "S2MToolbox/S2MToolbox-Info.plist";
				PRODUCT_NAME = "$(TARGET_NAME)";
				WRAPPER_EXTENSION = app;
			};
			name = Debug;
		};
		01C12EC119FE5C65004B7999 /* Release */ = {
			isa = XCBuildConfiguration;
			baseConfigurationReference = B3A25DCBE12AC3283FC05B74 /* Pods-S2MToolbox.release.xcconfig */;
			buildSettings = {
				ASSETCATALOG_COMPILER_APPICON_NAME = AppIcon;
				ASSETCATALOG_COMPILER_LAUNCHIMAGE_NAME = LaunchImage;
				GCC_PRECOMPILE_PREFIX_HEADER = YES;
				GCC_PREFIX_HEADER = "S2MToolbox/S2MToolbox-Prefix.pch";
				INFOPLIST_FILE = "S2MToolbox/S2MToolbox-Info.plist";
				PRODUCT_NAME = "$(TARGET_NAME)";
				WRAPPER_EXTENSION = app;
			};
			name = Release;
		};
		01C12EC319FE5C65004B7999 /* Debug */ = {
			isa = XCBuildConfiguration;
			baseConfigurationReference = 420AF7947B11A286698A0A7C /* Pods-S2MToolboxTests.debug.xcconfig */;
			buildSettings = {
				BUNDLE_LOADER = "$(BUILT_PRODUCTS_DIR)/S2MToolbox.app/S2MToolbox";
				FRAMEWORK_SEARCH_PATHS = (
					"$(SDKROOT)/Developer/Library/Frameworks",
					"$(inherited)",
					"$(DEVELOPER_FRAMEWORKS_DIR)",
				);
				GCC_PRECOMPILE_PREFIX_HEADER = YES;
				GCC_PREFIX_HEADER = "S2MToolbox/S2MToolbox-Prefix.pch";
				GCC_PREPROCESSOR_DEFINITIONS = (
					"DEBUG=1",
					"$(inherited)",
				);
				INFOPLIST_FILE = "S2MToolboxTests/S2MToolboxTests-Info.plist";
				PRODUCT_NAME = "$(TARGET_NAME)";
				TEST_HOST = "$(BUNDLE_LOADER)";
				WRAPPER_EXTENSION = xctest;
			};
			name = Debug;
		};
		01C12EC419FE5C65004B7999 /* Release */ = {
			isa = XCBuildConfiguration;
			baseConfigurationReference = B2FBA20F086BD9320FFB1F78 /* Pods-S2MToolboxTests.release.xcconfig */;
			buildSettings = {
				BUNDLE_LOADER = "$(BUILT_PRODUCTS_DIR)/S2MToolbox.app/S2MToolbox";
				FRAMEWORK_SEARCH_PATHS = (
					"$(SDKROOT)/Developer/Library/Frameworks",
					"$(inherited)",
					"$(DEVELOPER_FRAMEWORKS_DIR)",
				);
				GCC_PRECOMPILE_PREFIX_HEADER = YES;
				GCC_PREFIX_HEADER = "S2MToolbox/S2MToolbox-Prefix.pch";
				INFOPLIST_FILE = "S2MToolboxTests/S2MToolboxTests-Info.plist";
				PRODUCT_NAME = "$(TARGET_NAME)";
				TEST_HOST = "$(BUNDLE_LOADER)";
				WRAPPER_EXTENSION = xctest;
			};
			name = Release;
		};
/* End XCBuildConfiguration section */

/* Begin XCConfigurationList section */
		01C12E8819FE5C64004B7999 /* Build configuration list for PBXProject "S2MToolbox" */ = {
			isa = XCConfigurationList;
			buildConfigurations = (
				01C12EBD19FE5C65004B7999 /* Debug */,
				01C12EBE19FE5C65004B7999 /* Release */,
			);
			defaultConfigurationIsVisible = 0;
			defaultConfigurationName = Release;
		};
		01C12EBF19FE5C65004B7999 /* Build configuration list for PBXNativeTarget "S2MToolbox" */ = {
			isa = XCConfigurationList;
			buildConfigurations = (
				01C12EC019FE5C65004B7999 /* Debug */,
				01C12EC119FE5C65004B7999 /* Release */,
			);
			defaultConfigurationIsVisible = 0;
			defaultConfigurationName = Release;
		};
		01C12EC219FE5C65004B7999 /* Build configuration list for PBXNativeTarget "S2MToolboxTests" */ = {
			isa = XCConfigurationList;
			buildConfigurations = (
				01C12EC319FE5C65004B7999 /* Debug */,
				01C12EC419FE5C65004B7999 /* Release */,
			);
			defaultConfigurationIsVisible = 0;
			defaultConfigurationName = Release;
		};
/* End XCConfigurationList section */
	};
	rootObject = 01C12E8519FE5C64004B7999 /* Project object */;
}
